
Microsoft Visual Studio Solution File, Format Version 12.00
# Visual Studio Version 17
VisualStudioVersion = 17.4.33205.214
MinimumVisualStudioVersion = 10.0.40219.1
Project("{8BC9CEB8-8B4A-11D0-8D11-00A0C91BC942}") = "ExtraCredit", "ExtraCredit\ExtraCredit.vcxproj", "{DEACE16A-231A-4BDC-BEF1-6AD0482B4009}"
EndProject
Global
	GlobalSection(SolutionConfigurationPlatforms) = preSolution
		Debug|x64 = Debug|x64
		Debug|x86 = Debug|x86
		Release|x64 = Release|x64
		Release|x86 = Release|x86
	EndGlobalSection
	GlobalSection(ProjectConfigurationPlatforms) = postSolution
		{DEACE16A-231A-4BDC-BEF1-6AD0482B4009}.Debug|x64.ActiveCfg = Debug|x64
		{DEACE16A-231A-4BDC-BEF1-6AD0482B4009}.Debug|x64.Build.0 = Debug|x64
		{DEACE16A-231A-4BDC-BEF1-6AD0482B4009}.Debug|x86.ActiveCfg = Debug|Win32
		{DEACE16A-231A-4BDC-BEF1-6AD0482B4009}.Debug|x86.Build.0 = Debug|Win32
		{DEACE16A-231A-4BDC-BEF1-6AD0482B4009}.Release|x64.ActiveCfg = Release|x64
		{DEACE16A-231A-4BDC-BEF1-6AD0482B4009}.Release|x64.Build.0 = Release|x64
		{DEACE16A-231A-4BDC-BEF1-6AD0482B4009}.Release|x86.ActiveCfg = Release|Win32
		{DEACE16A-231A-4BDC-BEF1-6AD0482B4009}.Release|x86.Build.0 = Release|Win32
	EndGlobalSection
	GlobalSection(SolutionProperties) = preSolution
		HideSolutionNode = FALSE
	EndGlobalSection
	GlobalSection(ExtensibilityGlobals) = postSolution
		SolutionGuid = {269BD9F3-E691-4A28-B783-2B87EA2A421F}
	EndGlobalSection
EndGlobal
